
Microsoft Visual Studio Solution File, Format Version 12.00
# Visual Studio 2013
VisualStudioVersion = 12.0.31101.0
MinimumVisualStudioVersion = 10.0.40219.1
Project("{FAE04EC0-301F-11D3-BF4B-00C04F79EFBC}") = "hackathon.droid", "hackathon.droid\hackathon.droid.csproj", "{73DB512E-5497-4822-8A7A-CBDFD0C2F1BE}"
EndProject
Project("{FAE04EC0-301F-11D3-BF4B-00C04F79EFBC}") = "hackathon.test", "hackathon.test\hackathon.test.csproj", "{2C568C20-4E8D-4BE9-97E8-6E8145E543C7}"
EndProject
Global
	GlobalSection(SolutionConfigurationPlatforms) = preSolution
		Debug|Any CPU = Debug|Any CPU
		Release|Any CPU = Release|Any CPU
	EndGlobalSection
	GlobalSection(ProjectConfigurationPlatforms) = postSolution
		{73DB512E-5497-4822-8A7A-CBDFD0C2F1BE}.Debug|Any CPU.ActiveCfg = Debug|Any CPU
		{73DB512E-5497-4822-8A7A-CBDFD0C2F1BE}.Debug|Any CPU.Build.0 = Debug|Any CPU
		{73DB512E-5497-4822-8A7A-CBDFD0C2F1BE}.Debug|Any CPU.Deploy.0 = Debug|Any CPU
		{73DB512E-5497-4822-8A7A-CBDFD0C2F1BE}.Release|Any CPU.ActiveCfg = Release|Any CPU
		{73DB512E-5497-4822-8A7A-CBDFD0C2F1BE}.Release|Any CPU.Build.0 = Release|Any CPU
		{73DB512E-5497-4822-8A7A-CBDFD0C2F1BE}.Release|Any CPU.Deploy.0 = Release|Any CPU
		{2C568C20-4E8D-4BE9-97E8-6E8145E543C7}.Debug|Any CPU.ActiveCfg = Debug|Any CPU
		{2C568C20-4E8D-4BE9-97E8-6E8145E543C7}.Debug|Any CPU.Build.0 = Debug|Any CPU
		{2C568C20-4E8D-4BE9-97E8-6E8145E543C7}.Release|Any CPU.ActiveCfg = Release|Any CPU
		{2C568C20-4E8D-4BE9-97E8-6E8145E543C7}.Release|Any CPU.Build.0 = Release|Any CPU
	EndGlobalSection
	GlobalSection(SolutionProperties) = preSolution
		HideSolutionNode = FALSE
	EndGlobalSection
EndGlobal
